
Microsoft Visual Studio Solution File, Format Version 12.00
# Visual Studio Version 16
VisualStudioVersion = 16.0.31729.503
MinimumVisualStudioVersion = 10.0.40219.1
Project("{FAE04EC0-301F-11D3-BF4B-00C04F79EFBC}") = "zadanie3", "zadanie3\zadanie3.csproj", "{7B5F42D0-FD27-4B81-9151-C4CC8A9C61B7}"
EndProject
Global
	GlobalSection(SolutionConfigurationPlatforms) = preSolution
		Debug|Any CPU = Debug|Any CPU
		Release|Any CPU = Release|Any CPU
	EndGlobalSection
	GlobalSection(ProjectConfigurationPlatforms) = postSolution
		{7B5F42D0-FD27-4B81-9151-C4CC8A9C61B7}.Debug|Any CPU.ActiveCfg = Debug|Any CPU
		{7B5F42D0-FD27-4B81-9151-C4CC8A9C61B7}.Debug|Any CPU.Build.0 = Debug|Any CPU
		{7B5F42D0-FD27-4B81-9151-C4CC8A9C61B7}.Release|Any CPU.ActiveCfg = Release|Any CPU
		{7B5F42D0-FD27-4B81-9151-C4CC8A9C61B7}.Release|Any CPU.Build.0 = Release|Any CPU
	EndGlobalSection
	GlobalSection(SolutionProperties) = preSolution
		HideSolutionNode = FALSE
	EndGlobalSection
	GlobalSection(ExtensibilityGlobals) = postSolution
		SolutionGuid = {36196BB6-4628-4443-A572-20AA0BA3A254}
	EndGlobalSection
EndGlobal
