
Microsoft Visual Studio Solution File, Format Version 12.00
# Visual Studio Version 16
VisualStudioVersion = 16.0.31729.503
MinimumVisualStudioVersion = 10.0.40219.1
Project("{FAE04EC0-301F-11D3-BF4B-00C04F79EFBC}") = "zadanie5", "zadanie5\zadanie5.csproj", "{C800E349-6008-4F4E-A8AF-33DF2F86302F}"
EndProject
Global
	GlobalSection(SolutionConfigurationPlatforms) = preSolution
		Debug|Any CPU = Debug|Any CPU
		Release|Any CPU = Release|Any CPU
	EndGlobalSection
	GlobalSection(ProjectConfigurationPlatforms) = postSolution
		{C800E349-6008-4F4E-A8AF-33DF2F86302F}.Debug|Any CPU.ActiveCfg = Debug|Any CPU
		{C800E349-6008-4F4E-A8AF-33DF2F86302F}.Debug|Any CPU.Build.0 = Debug|Any CPU
		{C800E349-6008-4F4E-A8AF-33DF2F86302F}.Release|Any CPU.ActiveCfg = Release|Any CPU
		{C800E349-6008-4F4E-A8AF-33DF2F86302F}.Release|Any CPU.Build.0 = Release|Any CPU
	EndGlobalSection
	GlobalSection(SolutionProperties) = preSolution
		HideSolutionNode = FALSE
	EndGlobalSection
	GlobalSection(ExtensibilityGlobals) = postSolution
		SolutionGuid = {98F10200-F98F-4076-98FF-8C699C5A45A6}
	EndGlobalSection
EndGlobal
