
Microsoft Visual Studio Solution File, Format Version 12.00
# Visual Studio Version 16
VisualStudioVersion = 16.0.31729.503
MinimumVisualStudioVersion = 10.0.40219.1
Project("{FAE04EC0-301F-11D3-BF4B-00C04F79EFBC}") = "ServerDB", "ServerDB\ServerDB.csproj", "{11C05510-10E2-4337-9752-81C14279BAC5}"
EndProject
Global
	GlobalSection(SolutionConfigurationPlatforms) = preSolution
		Debug|Any CPU = Debug|Any CPU
		Release|Any CPU = Release|Any CPU
	EndGlobalSection
	GlobalSection(ProjectConfigurationPlatforms) = postSolution
		{11C05510-10E2-4337-9752-81C14279BAC5}.Debug|Any CPU.ActiveCfg = Debug|Any CPU
		{11C05510-10E2-4337-9752-81C14279BAC5}.Debug|Any CPU.Build.0 = Debug|Any CPU
		{11C05510-10E2-4337-9752-81C14279BAC5}.Release|Any CPU.ActiveCfg = Release|Any CPU
		{11C05510-10E2-4337-9752-81C14279BAC5}.Release|Any CPU.Build.0 = Release|Any CPU
	EndGlobalSection
	GlobalSection(SolutionProperties) = preSolution
		HideSolutionNode = FALSE
	EndGlobalSection
	GlobalSection(ExtensibilityGlobals) = postSolution
		SolutionGuid = {5DE5E7AE-5BD9-418F-8B39-1197441327BC}
	EndGlobalSection
EndGlobal
