
Microsoft Visual Studio Solution File, Format Version 12.00
# Visual Studio Version 16
VisualStudioVersion = 16.0.31729.503
MinimumVisualStudioVersion = 10.0.40219.1
Project("{FAE04EC0-301F-11D3-BF4B-00C04F79EFBC}") = "zadanie4", "zadanie4\zadanie4.csproj", "{8DB9B91D-D986-4643-9443-E5B156A9C073}"
EndProject
Global
	GlobalSection(SolutionConfigurationPlatforms) = preSolution
		Debug|Any CPU = Debug|Any CPU
		Release|Any CPU = Release|Any CPU
	EndGlobalSection
	GlobalSection(ProjectConfigurationPlatforms) = postSolution
		{8DB9B91D-D986-4643-9443-E5B156A9C073}.Debug|Any CPU.ActiveCfg = Debug|Any CPU
		{8DB9B91D-D986-4643-9443-E5B156A9C073}.Debug|Any CPU.Build.0 = Debug|Any CPU
		{8DB9B91D-D986-4643-9443-E5B156A9C073}.Release|Any CPU.ActiveCfg = Release|Any CPU
		{8DB9B91D-D986-4643-9443-E5B156A9C073}.Release|Any CPU.Build.0 = Release|Any CPU
	EndGlobalSection
	GlobalSection(SolutionProperties) = preSolution
		HideSolutionNode = FALSE
	EndGlobalSection
	GlobalSection(ExtensibilityGlobals) = postSolution
		SolutionGuid = {DCC7DA8E-45E9-4240-BA6D-D9FD6A8023E9}
	EndGlobalSection
EndGlobal
