
Microsoft Visual Studio Solution File, Format Version 12.00
# Visual Studio Version 16
VisualStudioVersion = 16.0.31729.503
MinimumVisualStudioVersion = 10.0.40219.1
Project("{FAE04EC0-301F-11D3-BF4B-00C04F79EFBC}") = "zadanie3", "zadanie3\zadanie3.csproj", "{2C1BDE4C-87BF-41C2-923C-87925E0ECBE8}"
EndProject
Global
	GlobalSection(SolutionConfigurationPlatforms) = preSolution
		Debug|Any CPU = Debug|Any CPU
		Release|Any CPU = Release|Any CPU
	EndGlobalSection
	GlobalSection(ProjectConfigurationPlatforms) = postSolution
		{2C1BDE4C-87BF-41C2-923C-87925E0ECBE8}.Debug|Any CPU.ActiveCfg = Debug|Any CPU
		{2C1BDE4C-87BF-41C2-923C-87925E0ECBE8}.Debug|Any CPU.Build.0 = Debug|Any CPU
		{2C1BDE4C-87BF-41C2-923C-87925E0ECBE8}.Release|Any CPU.ActiveCfg = Release|Any CPU
		{2C1BDE4C-87BF-41C2-923C-87925E0ECBE8}.Release|Any CPU.Build.0 = Release|Any CPU
	EndGlobalSection
	GlobalSection(SolutionProperties) = preSolution
		HideSolutionNode = FALSE
	EndGlobalSection
	GlobalSection(ExtensibilityGlobals) = postSolution
		SolutionGuid = {F225FB84-E008-4510-9A2D-670E752A3F64}
	EndGlobalSection
EndGlobal
