
Microsoft Visual Studio Solution File, Format Version 12.00
# Visual Studio Version 16
VisualStudioVersion = 16.0.31729.503
MinimumVisualStudioVersion = 10.0.40219.1
Project("{FAE04EC0-301F-11D3-BF4B-00C04F79EFBC}") = "zadanie3", "zadanie3\zadanie3.csproj", "{502FB466-E2B1-4FAD-97C1-843008E538F7}"
EndProject
Global
	GlobalSection(SolutionConfigurationPlatforms) = preSolution
		Debug|Any CPU = Debug|Any CPU
		Release|Any CPU = Release|Any CPU
	EndGlobalSection
	GlobalSection(ProjectConfigurationPlatforms) = postSolution
		{502FB466-E2B1-4FAD-97C1-843008E538F7}.Debug|Any CPU.ActiveCfg = Debug|Any CPU
		{502FB466-E2B1-4FAD-97C1-843008E538F7}.Debug|Any CPU.Build.0 = Debug|Any CPU
		{502FB466-E2B1-4FAD-97C1-843008E538F7}.Release|Any CPU.ActiveCfg = Release|Any CPU
		{502FB466-E2B1-4FAD-97C1-843008E538F7}.Release|Any CPU.Build.0 = Release|Any CPU
	EndGlobalSection
	GlobalSection(SolutionProperties) = preSolution
		HideSolutionNode = FALSE
	EndGlobalSection
	GlobalSection(ExtensibilityGlobals) = postSolution
		SolutionGuid = {0236D5EC-E40D-4EF7-A10E-741AECEC71C9}
	EndGlobalSection
EndGlobal
